<?xml version="1.0" encoding="utf-8"?>
<Project ToolsVersion="4.0" xmlns="http://schemas.microsoft.com/developer/msbuild/2003">
  <ItemGroup>
    <Filter Include="Source Files">
      <UniqueIdentifier>{4FC737F1-C7A5-4376-A066-2A32D752A2FF}</UniqueIdentifier>
      <Extensions>cpp;c;cc;cxx;c++;cppm;ixx;def;odl;idl;hpj;bat;asm;asmx</Extensions>
    </Filter>
    <Filter Include="Header Files">
      <UniqueIdentifier>{93995380-89BD-4b04-88EB-625FBE52EBFB}</UniqueIdentifier>
      <Extensions>h;hh;hpp;hxx;h++;hm;inl;inc;ipp;xsd</Extensions>
    </Filter>
    <Filter Include="Resource Files">
      <UniqueIdentifier>{67DA6AB6-F800-4c08-8B7A-83BB121AAD01}</UniqueIdentifier>
      <Extensions>rc;ico;cur;bmp;dlg;rc2;rct;bin;rgs;gif;jpg;jpeg;jpe;resx;tiff;tif;png;wav;mfcribbon-ms</Extensions>
    </Filter>
    <Filter Include="Header Files\GL">
      <UniqueIdentifier>{993c9c8a-e2d1-42f6-9c25-f76ca1aaac01}</UniqueIdentifier>
    </Filter>
    <Filter Include="Source Files\GL">
      <UniqueIdentifier>{6782fb05-3faa-480c-a185-9e813a67a045}</UniqueIdentifier>
    </Filter>
  </ItemGroup>
  <ItemGroup>
    <ClCompile Include="JBS3.cpp">
      <Filter>Source Files</Filter>
    </ClCompile>
    <ClCompile Include="guicon.cpp">
      <Filter>Source Files</Filter>
    </ClCompile>
    <ClCompile Include="console2.cpp">
      <Filter>Source Files</Filter>
    </ClCompile>
    <ClCompile Include="Direct2D.cpp">
      <Filter>Source Files</Filter>
    </ClCompile>
    <ClCompile Include="WICHelper.cpp">
      <Filter>Source Files</Filter>
    </ClCompile>
    <ClCompile Include="goodmacrosfordirect2dandwichelper.h">
      <Filter>Header Files</Filter>
    </ClCompile>
    <ClCompile Include="GL\glew.c">
      <Filter>Source Files\GL</Filter>
    </ClCompile>
    <ClCompile Include="hidapi\hid.c">
      <Filter>Source Files</Filter>
    </ClCompile>
    <ClCompile Include="Direct2D11.cpp">
      <Filter>Source Files</Filter>
    </ClCompile>
  </ItemGroup>
  <ItemGroup>
    <ResourceCompile Include="bababooey.rc">
      <Filter>Source Files</Filter>
    </ResourceCompile>
  </ItemGroup>
  <ItemGroup>
    <ClInclude Include="guicon.h">
      <Filter>Header Files</Filter>
    </ClInclude>
    <ClInclude Include="console2.h">
      <Filter>Header Files</Filter>
    </ClInclude>
    <ClInclude Include="resource.h">
      <Filter>Header Files</Filter>
    </ClInclude>
    <ClInclude Include="Direct2D.h">
      <Filter>Header Files</Filter>
    </ClInclude>
    <ClInclude Include="JSTimer.h">
      <Filter>Header Files</Filter>
    </ClInclude>
    <ClInclude Include="JSWindow.h">
      <Filter>Header Files</Filter>
    </ClInclude>
    <ClInclude Include="DllCall.h">
      <Filter>Header Files</Filter>
    </ClInclude>
    <ClInclude Include="WICHelper.h">
      <Filter>Header Files</Filter>
    </ClInclude>
    <ClInclude Include="GL\glew.h">
      <Filter>Header Files\GL</Filter>
    </ClInclude>
    <ClInclude Include="GL\glxew.h">
      <Filter>Header Files\GL</Filter>
    </ClInclude>
    <ClInclude Include="GL\wglew.h">
      <Filter>Header Files\GL</Filter>
    </ClInclude>
    <ClInclude Include="GL\eglew.h">
      <Filter>Header Files\GL</Filter>
    </ClInclude>
    <ClInclude Include="hidapi\hidapi.h">
      <Filter>Header Files</Filter>
    </ClInclude>
    <ClInclude Include="hidapi\hidapi_winapi.h">
      <Filter>Header Files</Filter>
    </ClInclude>
    <ClInclude Include="hidapi\hidapi_cfgmgr32.h">
      <Filter>Header Files</Filter>
    </ClInclude>
    <ClInclude Include="Direct2D11.h">
      <Filter>Header Files</Filter>
    </ClInclude>
  </ItemGroup>
  <ItemGroup>
    <Image Include="jbs3.ico">
      <Filter>Resource Files</Filter>
    </Image>
  </ItemGroup>
</Project>